# This file is automatically @generated by Cargo.
# It is not intended for manual editing.
version = 3

[[package]]
name = "rccx_ast"
version = "0.0.1"
dependencies = [
 "rccx_source",
]

[[package]]
name = "rccx_cli"
version = "0.0.1"
dependencies = [
 "rccx_diagnostics",
 "rccx_driver",
 "rccx_source",
]

[[package]]
name = "rccx_diagnostics"
version = "0.0.1"
dependencies = [
 "rccx_source",
]

[[package]]
name = "rccx_driver"
version = "0.0.1"
dependencies = [
 "rccx_ast",
 "rccx_diagnostics",
 "rccx_lexer",
 "rccx_parser",
 "rccx_pp",
 "rccx_source",
]

[[package]]
name = "rccx_lexer"
version = "0.0.1"
dependencies = [
 "rccx_diagnostics",
 "rccx_source",
]

[[package]]
name = "rccx_parser"
version = "0.0.1"
dependencies = [
 "rccx_ast",
 "rccx_diagnostics",
 "rccx_lexer",
 "rccx_pp",
 "rccx_source",
]

[[package]]
name = "rccx_pp"
version = "0.0.1"
dependencies = [
 "rccx_diagnostics",
 "rccx_lexer",
 "rccx_source",
]

[[package]]
name = "rccx_source"
version = "0.0.1"
